
Microsoft Visual Studio Solution File, Format Version 12.00
# Visual Studio Version 17
VisualStudioVersion = 17.6.33815.320
MinimumVisualStudioVersion = 10.0.40219.1
Project("{FAE04EC0-301F-11D3-BF4B-00C04F79EFBC}") = "JobBoyBD", "JobBoyBD\JobBoyBD.csproj", "{B421234E-2B5F-4BE3-82D5-FE1233A01B49}"
EndProject
Project("{FAE04EC0-301F-11D3-BF4B-00C04F79EFBC}") = "DatabaseLayer", "DatabaseLayer\DatabaseLayer.csproj", "{CAD38E56-04F7-4F97-B4DF-9D2369CCC704}"
EndProject
Global
	GlobalSection(SolutionConfigurationPlatforms) = preSolution
		Debug|Any CPU = Debug|Any CPU
		Release|Any CPU = Release|Any CPU
	EndGlobalSection
	GlobalSection(ProjectConfigurationPlatforms) = postSolution
		{B421234E-2B5F-4BE3-82D5-FE1233A01B49}.Debug|Any CPU.ActiveCfg = Debug|Any CPU
		{B421234E-2B5F-4BE3-82D5-FE1233A01B49}.Debug|Any CPU.Build.0 = Debug|Any CPU
		{B421234E-2B5F-4BE3-82D5-FE1233A01B49}.Release|Any CPU.ActiveCfg = Release|Any CPU
		{B421234E-2B5F-4BE3-82D5-FE1233A01B49}.Release|Any CPU.Build.0 = Release|Any CPU
		{CAD38E56-04F7-4F97-B4DF-9D2369CCC704}.Debug|Any CPU.ActiveCfg = Debug|Any CPU
		{CAD38E56-04F7-4F97-B4DF-9D2369CCC704}.Debug|Any CPU.Build.0 = Debug|Any CPU
		{CAD38E56-04F7-4F97-B4DF-9D2369CCC704}.Release|Any CPU.ActiveCfg = Release|Any CPU
		{CAD38E56-04F7-4F97-B4DF-9D2369CCC704}.Release|Any CPU.Build.0 = Release|Any CPU
	EndGlobalSection
	GlobalSection(SolutionProperties) = preSolution
		HideSolutionNode = FALSE
	EndGlobalSection
	GlobalSection(ExtensibilityGlobals) = postSolution
		SolutionGuid = {4903E040-80CD-41A0-AC3E-ECD689510BD2}
	EndGlobalSection
EndGlobal
